
Microsoft Visual Studio Solution File, Format Version 12.00
# Visual Studio 15
VisualStudioVersion = 15.0.28307.1145
MinimumVisualStudioVersion = 10.0.40219.1
Project("{2150E333-8FDC-42A3-9474-1A3956D46DE8}") = "NuGet", "NuGet", "{2E8F9ED9-A52B-4053-8AB7-8C86F7FA52B5}"
	ProjectSection(SolutionItems) = preProject
		NuGet\BioFormats.Net.6.5.0.nupkg = NuGet\BioFormats.Net.6.5.0.nupkg
		NuGet\BioFormats.Net.6.5.0.nuspec = NuGet\BioFormats.Net.6.5.0.nuspec
		NuGet\readme.txt = NuGet\readme.txt
	EndProjectSection
EndProject
Project("{2150E333-8FDC-42A3-9474-1A3956D46DE8}") = "lib", "lib", "{C76435BA-BA16-4CCD-9E4C-E0822E2E8703}"
	ProjectSection(SolutionItems) = preProject
		NuGet\lib\BioFormats.Net.dll = NuGet\lib\BioFormats.Net.dll
	EndProjectSection
EndProject
Project("{2150E333-8FDC-42A3-9474-1A3956D46DE8}") = "content", "content", "{A905A39C-CC28-448B-A181-BE86762860CB}"
	ProjectSection(SolutionItems) = preProject
		NuGet\content\ikvm-native-win32-x64.dll = NuGet\content\ikvm-native-win32-x64.dll
		NuGet\content\ikvm-native-win32-x86.dll = NuGet\content\ikvm-native-win32-x86.dll
	EndProjectSection
EndProject
Project("{FAE04EC0-301F-11D3-BF4B-00C04F79EFBC}") = "TestApp1", "TestApp1\TestApp1.csproj", "{8C1113FB-8C5F-4207-A92F-F82B5684EB32}"
EndProject
Global
	GlobalSection(SolutionConfigurationPlatforms) = preSolution
		Debug|Any CPU = Debug|Any CPU
		Release|Any CPU = Release|Any CPU
	EndGlobalSection
	GlobalSection(ProjectConfigurationPlatforms) = postSolution
		{8C1113FB-8C5F-4207-A92F-F82B5684EB32}.Debug|Any CPU.ActiveCfg = Debug|Any CPU
		{8C1113FB-8C5F-4207-A92F-F82B5684EB32}.Debug|Any CPU.Build.0 = Debug|Any CPU
		{8C1113FB-8C5F-4207-A92F-F82B5684EB32}.Release|Any CPU.ActiveCfg = Release|Any CPU
		{8C1113FB-8C5F-4207-A92F-F82B5684EB32}.Release|Any CPU.Build.0 = Release|Any CPU
	EndGlobalSection
	GlobalSection(SolutionProperties) = preSolution
		HideSolutionNode = FALSE
	EndGlobalSection
	GlobalSection(NestedProjects) = preSolution
		{C76435BA-BA16-4CCD-9E4C-E0822E2E8703} = {2E8F9ED9-A52B-4053-8AB7-8C86F7FA52B5}
		{A905A39C-CC28-448B-A181-BE86762860CB} = {2E8F9ED9-A52B-4053-8AB7-8C86F7FA52B5}
	EndGlobalSection
	GlobalSection(ExtensibilityGlobals) = postSolution
		SolutionGuid = {424F10F3-1260-41FB-A67E-D0FB9AC97FBC}
	EndGlobalSection
EndGlobal
